# This file is automatically @generated by Cargo.
# It is not intended for manual editing.
version = 4

[[package]]
name = "iriscope-app"
version = "0.1.0"
dependencies = [
 "iriscope-camera-linux",
 "iriscope-camera-macos",
 "iriscope-camera-windows",
 "iriscope-core",
 "iriscope-imaging",
 "iriscope-renderer",
]

[[package]]
name = "iriscope-camera-linux"
version = "0.1.0"
dependencies = [
 "iriscope-core",
]

[[package]]
name = "iriscope-camera-macos"
version = "0.1.0"
dependencies = [
 "iriscope-core",
]

[[package]]
name = "iriscope-camera-windows"
version = "0.1.0"
dependencies = [
 "iriscope-core",
]

[[package]]
name = "iriscope-core"
version = "0.1.0"

[[package]]
name = "iriscope-imaging"
version = "0.1.0"
dependencies = [
 "iriscope-core",
]

[[package]]
name = "iriscope-renderer"
version = "0.1.0"
dependencies = [
 "iriscope-core",
]
